{
  "name": "super-router",
  "version": "1.0.0",
  "lockfileVersion": 1,
  "requires": true,
  "dependencies": {
    "argument-exception": {
      "version": "github:silent-tempest/argument-exception#c5ac54d0fd89f29d09f84a7c7d270f94cea857cc"
    },
    "logical-error": {
      "version": "github:silent-tempest/logical-error#57025ef1b26575b5b729cb4f1018c0220056c0ff"
    },
    "methods": {
      "version": "1.1.2",
      "resolved": "https://registry.npmjs.org/methods/-/methods-1.1.2.tgz",
      "integrity": "sha1-VSmk1nZUE07cxSZmVoNbD4Ua/O4="
    },
    "mime": {
      "version": "2.3.1",
      "resolved": "https://registry.npmjs.org/mime/-/mime-2.3.1.tgz",
      "integrity": "sha512-OEUllcVoydBHGN1z84yfQDimn58pZNNNXgZlHXSboxMlFvgI6MXSWpWKpFRra7H1HxpVhHTkrghfRW49k6yjeg=="
    },
    "safe-resolve-path": {
      "version": "github:silent-tempest/safe-resolve-path#f5fa390929fe75ee98e3c14bf34c441f5defc4a0"
    },
    "string-milliseconds": {
      "version": "github:silent-tempest/string-milliseconds#27fb14f9a046ca960debafd02cf8e2151ae5119f"
    },
    "super-cookie": {
      "version": "github:silent-tempest/super-cookie#057d507410401769de0f61c7466a70f0799e460d",
      "requires": {
        "string-milliseconds": "github:silent-tempest/string-milliseconds#27fb14f9a046ca960debafd02cf8e2151ae5119f"
      }
    }
  }
}
